
Microsoft Visual Studio Solution File, Format Version 12.00
# Visual Studio Version 17
VisualStudioVersion = 17.7.34031.279
MinimumVisualStudioVersion = 10.0.40219.1
Project("{9A19103F-16F7-4668-BE54-9A1E7A4F7556}") = "RedditSharp.API", "RedditSharp.API\RedditSharp.API.csproj", "{3E33D1CF-A462-4684-90C1-2016224EFF89}"
EndProject
Project("{9A19103F-16F7-4668-BE54-9A1E7A4F7556}") = "RedditSharp.API.Test", "RedditSharp.API.Test\RedditSharp.API.Test.csproj", "{B7936FFF-E3C7-475A-9A66-9FEFCADFDBB5}"
EndProject
Global
	GlobalSection(SolutionConfigurationPlatforms) = preSolution
		Debug|Any CPU = Debug|Any CPU
		Release|Any CPU = Release|Any CPU
	EndGlobalSection
	GlobalSection(ProjectConfigurationPlatforms) = postSolution
		{3E33D1CF-A462-4684-90C1-2016224EFF89}.Debug|Any CPU.ActiveCfg = Debug|Any CPU
		{3E33D1CF-A462-4684-90C1-2016224EFF89}.Debug|Any CPU.Build.0 = Debug|Any CPU
		{3E33D1CF-A462-4684-90C1-2016224EFF89}.Release|Any CPU.ActiveCfg = Release|Any CPU
		{3E33D1CF-A462-4684-90C1-2016224EFF89}.Release|Any CPU.Build.0 = Release|Any CPU
		{B7936FFF-E3C7-475A-9A66-9FEFCADFDBB5}.Debug|Any CPU.ActiveCfg = Debug|Any CPU
		{B7936FFF-E3C7-475A-9A66-9FEFCADFDBB5}.Debug|Any CPU.Build.0 = Debug|Any CPU
		{B7936FFF-E3C7-475A-9A66-9FEFCADFDBB5}.Release|Any CPU.ActiveCfg = Release|Any CPU
		{B7936FFF-E3C7-475A-9A66-9FEFCADFDBB5}.Release|Any CPU.Build.0 = Release|Any CPU
	EndGlobalSection
	GlobalSection(SolutionProperties) = preSolution
		HideSolutionNode = FALSE
	EndGlobalSection
	GlobalSection(ExtensibilityGlobals) = postSolution
		SolutionGuid = {09C7E350-182C-493D-93F5-C6303E7BB3E2}
	EndGlobalSection
EndGlobal
